// !$*UTF8*$!
{
	archiveVersion = 1;
	classes = {
	};
	objectVersion = 48;
	objects = {

/* Begin PBXBuildFile section */
		9BDD3720205AE96E0078439E /* AppDelegate.swift in Sources */ = {isa = PBXBuildFile; fileRef = 9BDD371F205AE96E0078439E /* AppDelegate.swift */; };
		9BDD3722205AE96E0078439E /* ViewController.swift in Sources */ = {isa = PBXBuildFile; fileRef = 9BDD3721205AE96E0078439E /* ViewController.swift */; };
		9BDD3725205AE96E0078439E /* Main.storyboard in Resources */ = {isa = PBXBuildFile; fileRef = 9BDD3723205AE96E0078439E /* Main.storyboard */; };
		9BDD3728205AE96E0078439E /* Box8Assignment.xcdatamodeld in Sources */ = {isa = PBXBuildFile; fileRef = 9BDD3726205AE96E0078439E /* Box8Assignment.xcdatamodeld */; };
		9BDD372A205AE96E0078439E /* Assets.xcassets in Resources */ = {isa = PBXBuildFile; fileRef = 9BDD3729205AE96E0078439E /* Assets.xcassets */; };
		9BDD372D205AE96E0078439E /* LaunchScreen.storyboard in Resources */ = {isa = PBXBuildFile; fileRef = 9BDD372B205AE96E0078439E /* LaunchScreen.storyboard */; };
/* End PBXBuildFile section */

/* Begin PBXFileReference section */
		9BDD371C205AE96E0078439E /* Box8Assignment.app */ = {isa = PBXFileReference; explicitFileType = wrapper.application; includeInIndex = 0; path = Box8Assignment.app; sourceTree = BUILT_PRODUCTS_DIR; };
		9BDD371F205AE96E0078439E /* AppDelegate.swift */ = {isa = PBXFileReference; lastKnownFileType = sourcecode.swift; path = AppDelegate.swift; sourceTree = "<group>"; };
		9BDD3721205AE96E0078439E /* ViewController.swift */ = {isa = PBXFileReference; lastKnownFileType = sourcecode.swift; path = ViewController.swift; sourceTree = "<group>"; };
		9BDD3724205AE96E0078439E /* Base */ = {isa = PBXFileReference; lastKnownFileType = file.storyboard; name = Base; path = Base.lproj/Main.storyboard; sourceTree = "<group>"; };
		9BDD3727205AE96E0078439E /* Box8Assignment.xcdatamodel */ = {isa = PBXFileReference; lastKnownFileType = wrapper.xcdatamodel; path = Box8Assignment.xcdatamodel; sourceTree = "<group>"; };
		9BDD3729205AE96E0078439E /* Assets.xcassets */ = {isa = PBXFileReference; lastKnownFileType = folder.assetcatalog; path = Assets.xcassets; sourceTree = "<group>"; };
		9BDD372C205AE96E0078439E /* Base */ = {isa = PBXFileReference; lastKnownFileType = file.storyboard; name = Base; path = Base.lproj/LaunchScreen.storyboard; sourceTree = "<group>"; };
		9BDD372E205AE96E0078439E /* Info.plist */ = {isa = PBXFileReference; lastKnownFileType = text.plist.xml; path = Info.plist; sourceTree = "<group>"; };
/* End PBXFileReference section */

/* Begin PBXFrameworksBuildPhase section */
		9BDD3719205AE96E0078439E /* Frameworks */ = {
			isa = PBXFrameworksBuildPhase;
			buildActionMask = 2147483647;
			files = (
			);
			runOnlyForDeploymentPostprocessing = 0;
		};
/* End PBXFrameworksBuildPhase section */

/* Begin PBXGroup section */
		9BDD3713205AE96E0078439E = {
			isa = PBXGroup;
			children = (
				9BDD371E205AE96E0078439E /* Box8Assignment */,
				9BDD371D205AE96E0078439E /* Products */,
			);
			sourceTree = "<group>";
		};
		9BDD371D205AE96E0078439E /* Products */ = {
			isa = PBXGroup;
			children = (
				9BDD371C205AE96E0078439E /* Box8Assignment.app */,
			);
			name = Products;
			sourceTree = "<group>";
		};
		9BDD371E205AE96E0078439E /* Box8Assignment */ = {
			isa = PBXGroup;
			children = (
				9BDD371F205AE96E0078439E /* AppDelegate.swift */,
				9BDD3721205AE96E0078439E /* ViewController.swift */,
				9BDD3723205AE96E0078439E /* Main.storyboard */,
				9BDD3729205AE96E0078439E /* Assets.xcassets */,
				9BDD372B205AE96E0078439E /* LaunchScreen.storyboard */,
				9BDD372E205AE96E0078439E /* Info.plist */,
				9BDD3726205AE96E0078439E /* Box8Assignment.xcdatamodeld */,
			);
			path = Box8Assignment;
			sourceTree = "<group>";
		};
/* End PBXGroup section */

/* Begin PBXNativeTarget section */
		9BDD371B205AE96E0078439E /* Box8Assignment */ = {
			isa = PBXNativeTarget;
			buildConfigurationList = 9BDD3731205AE96E0078439E /* Build configuration list for PBXNativeTarget "Box8Assignment" */;
			buildPhases = (
				9BDD3718205AE96E0078439E /* Sources */,
				9BDD3719205AE96E0078439E /* Frameworks */,
				9BDD371A205AE96E0078439E /* Resources */,
			);
			buildRules = (
			);
			dependencies = (
			);
			name = Box8Assignment;
			productName = Box8Assignment;
			productReference = 9BDD371C205AE96E0078439E /* Box8Assignment.app */;
			productType = "com.apple.product-type.application";
		};
/* End PBXNativeTarget section */

/* Begin PBXProject section */
		9BDD3714205AE96E0078439E /* Project object */ = {
			isa = PBXProject;
			attributes = {
				LastSwiftUpdateCheck = 0920;
				LastUpgradeCheck = 0920;
				ORGANIZATIONNAME = "Sanjay Mali";
				TargetAttributes = {
					9BDD371B205AE96E0078439E = {
						CreatedOnToolsVersion = 9.2;
						ProvisioningStyle = Automatic;
					};
				};
			};
			buildConfigurationList = 9BDD3717205AE96E0078439E /* Build configuration list for PBXProject "Box8Assignment" */;
			compatibilityVersion = "Xcode 8.0";
			developmentRegion = en;
			hasScannedForEncodings = 0;
			knownRegions = (
				en,
				Base,
			);
			mainGroup = 9BDD3713205AE96E0078439E;
			productRefGroup = 9BDD371D205AE96E0078439E /* Products */;
			projectDirPath = "";
			projectRoot = "";
			targets = (
				9BDD371B205AE96E0078439E /* Box8Assignment */,
			);
		};
/* End PBXProject section */

/* Begin PBXResourcesBuildPhase section */
		9BDD371A205AE96E0078439E /* Resources */ = {
			isa = PBXResourcesBuildPhase;
			buildActionMask = 2147483647;
			files = (
				9BDD372D205AE96E0078439E /* LaunchScreen.storyboard in Resources */,
				9BDD372A205AE96E0078439E /* Assets.xcassets in Resources */,
				9BDD3725205AE96E0078439E /* Main.storyboard in Resources */,
			);
			runOnlyForDeploymentPostprocessing = 0;
		};
/* End PBXResourcesBuildPhase section */

/* Begin PBXSourcesBuildPhase section */
		9BDD3718205AE96E0078439E /* Sources */ = {
			isa = PBXSourcesBuildPhase;
			buildActionMask = 2147483647;
			files = (
				9BDD3728205AE96E0078439E /* Box8Assignment.xcdatamodeld in Sources */,
				9BDD3722205AE96E0078439E /* ViewController.swift in Sources */,
				9BDD3720205AE96E0078439E /* AppDelegate.swift in Sources */,
			);
			runOnlyForDeploymentPostprocessing = 0;
		};
/* End PBXSourcesBuildPhase section */

/* Begin PBXVariantGroup section */
		9BDD3723205AE96E0078439E /* Main.storyboard */ = {
			isa = PBXVariantGroup;
			children = (
				9BDD3724205AE96E0078439E /* Base */,
			);
			name = Main.storyboard;
			sourceTree = "<group>";
		};
		9BDD372B205AE96E0078439E /* LaunchScreen.storyboard */ = {
			isa = PBXVariantGroup;
			children = (
				9BDD372C205AE96E0078439E /* Base */,
			);
			name = LaunchScreen.storyboard;
			sourceTree = "<group>";
		};
/* End PBXVariantGroup section */

/* Begin XCBuildConfiguration section */
		9BDD372F205AE96E0078439E /* Debug */ = {
			isa = XCBuildConfiguration;
			buildSettings = {
				ALWAYS_SEARCH_USER_PATHS = NO;
				CLANG_ANALYZER_NONNULL = YES;
				CLANG_ANALYZER_NUMBER_OBJECT_CONVERSION = YES_AGGRESSIVE;
				CLANG_CXX_LANGUAGE_STANDARD = "gnu++14";
				CLANG_CXX_LIBRARY = "libc++";
				CLANG_ENABLE_MODULES = YES;
				CLANG_ENABLE_OBJC_ARC = YES;
				CLANG_WARN_BLOCK_CAPTURE_AUTORELEASING = YES;
				CLANG_WARN_BOOL_CONVERSION = YES;
				CLANG_WARN_COMMA = YES;
				CLANG_WARN_CONSTANT_CONVERSION = YES;
				CLANG_WARN_DIRECT_OBJC_ISA_USAGE = YES_ERROR;
				CLANG_WARN_DOCUMENTATION_COMMENTS = YES;
				CLANG_WARN_EMPTY_BODY = YES;
				CLANG_WARN_ENUM_CONVERSION = YES;
				CLANG_WARN_INFINITE_RECURSION = YES;
				CLANG_WARN_INT_CONVERSION = YES;
				CLANG_WARN_NON_LITERAL_NULL_CONVERSION = YES;
				CLANG_WARN_OBJC_LITERAL_CONVERSION = YES;
				CLANG_WARN_OBJC_ROOT_CLASS = YES_ERROR;
				CLANG_WARN_RANGE_LOOP_ANALYSIS = YES;
				CLANG_WARN_STRICT_PROTOTYPES = YES;
				CLANG_WARN_SUSPICIOUS_MOVE = YES;
				CLANG_WARN_UNGUARDED_AVAILABILITY = YES_AGGRESSIVE;
				CLANG_WARN_UNREACHABLE_CODE = YES;
				CLANG_WARN__DUPLICATE_METHOD_MATCH = YES;
				CODE_SIGN_IDENTITY = "iPhone Developer";
				COPY_PHASE_STRIP = NO;
				DEBUG_INFORMATION_FORMAT = dwarf;
				ENABLE_STRICT_OBJC_MSGSEND = YES;
				ENABLE_TESTABILITY = YES;
				GCC_C_LANGUAGE_STANDARD = gnu11;
				GCC_DYNAMIC_NO_PIC = NO;
				GCC_NO_COMMON_BLOCKS = YES;
				GCC_OPTIMIZATION_LEVEL = 0;
				GCC_PREPROCESSOR_DEFINITIONS = (
					"DEBUG=1",
					"$(inherited)",
				);
				GCC_WARN_64_TO_32_BIT_CONVERSION = YES;
				GCC_WARN_ABOUT_RETURN_TYPE = YES_ERROR;
				GCC_WARN_UNDECLARED_SELECTOR = YES;
				GCC_WARN_UNINITIALIZED_AUTOS = YES_AGGRESSIVE;
				GCC_WARN_UNUSED_FUNCTION = YES;
				GCC_WARN_UNUSED_VARIABLE = YES;
				IPHONEOS_DEPLOYMENT_TARGET = 11.2;
				MTL_ENABLE_DEBUG_INFO = YES;
				ONLY_ACTIVE_ARCH = YES;
				SDKROOT = iphoneos;
				SWIFT_ACTIVE_COMPILATION_CONDITIONS = DEBUG;
				SWIFT_OPTIMIZATION_LEVEL = "-Onone";
			};
			name = Debug;
		};
		9BDD3730205AE96E0078439E /* Release */ = {
			isa = XCBuildConfiguration;
			buildSettings = {
				ALWAYS_SEARCH_USER_PATHS = NO;
				CLANG_ANALYZER_NONNULL = YES;
				CLANG_ANALYZER_NUMBER_OBJECT_CONVERSION = YES_AGGRESSIVE;
				CLANG_CXX_LANGUAGE_STANDARD = "gnu++14";
				CLANG_CXX_LIBRARY = "libc++";
				CLANG_ENABLE_MODULES = YES;
				CLANG_ENABLE_OBJC_ARC = YES;
				CLANG_WARN_BLOCK_CAPTURE_AUTORELEASING = YES;
				CLANG_WARN_BOOL_CONVERSION = YES;
				CLANG_WARN_COMMA = YES;
				CLANG_WARN_CONSTANT_CONVERSION = YES;
				CLANG_WARN_DIRECT_OBJC_ISA_USAGE = YES_ERROR;
				CLANG_WARN_DOCUMENTATION_COMMENTS = YES;
				CLANG_WARN_EMPTY_BODY = YES;
				CLANG_WARN_ENUM_CONVERSION = YES;
				CLANG_WARN_INFINITE_RECURSION = YES;
				CLANG_WARN_INT_CONVERSION = YES;
				CLANG_WARN_NON_LITERAL_NULL_CONVERSION = YES;
				CLANG_WARN_OBJC_LITERAL_CONVERSION = YES;
				CLANG_WARN_OBJC_ROOT_CLASS = YES_ERROR;
				CLANG_WARN_RANGE_LOOP_ANALYSIS = YES;
				CLANG_WARN_STRICT_PROTOTYPES = YES;
				CLANG_WARN_SUSPICIOUS_MOVE = YES;
				CLANG_WARN_UNGUARDED_AVAILABILITY = YES_AGGRESSIVE;
				CLANG_WARN_UNREACHABLE_CODE = YES;
				CLANG_WARN__DUPLICATE_METHOD_MATCH = YES;
				CODE_SIGN_IDENTITY = "iPhone Developer";
				COPY_PHASE_STRIP = NO;
				DEBUG_INFORMATION_FORMAT = "dwarf-with-dsym";
				ENABLE_NS_ASSERTIONS = NO;
				ENABLE_STRICT_OBJC_MSGSEND = YES;
				GCC_C_LANGUAGE_STANDARD = gnu11;
				GCC_NO_COMMON_BLOCKS = YES;
				GCC_WARN_64_TO_32_BIT_CONVERSION = YES;
				GCC_WARN_ABOUT_RETURN_TYPE = YES_ERROR;
				GCC_WARN_UNDECLARED_SELECTOR = YES;
				GCC_WARN_UNINITIALIZED_AUTOS = YES_AGGRESSIVE;
				GCC_WARN_UNUSED_FUNCTION = YES;
				GCC_WARN_UNUSED_VARIABLE = YES;
				IPHONEOS_DEPLOYMENT_TARGET = 11.2;
				MTL_ENABLE_DEBUG_INFO = NO;
				SDKROOT = iphoneos;
				SWIFT_OPTIMIZATION_LEVEL = "-Owholemodule";
				VALIDATE_PRODUCT = YES;
			};
			name = Release;
		};
		9BDD3732205AE96E0078439E /* Debug */ = {
			isa = XCBuildConfiguration;
			buildSettings = {
				ASSETCATALOG_COMPILER_APPICON_NAME = AppIcon;
				CODE_SIGN_STYLE = Automatic;
				DEVELOPMENT_TEAM = V9ECRET98Q;
				INFOPLIST_FILE = Box8Assignment/Info.plist;
				LD_RUNPATH_SEARCH_PATHS = "$(inherited) @executable_path/Frameworks";
				PRODUCT_BUNDLE_IDENTIFIER = com.OceanTrasnworld.Box8Assignment;
				PRODUCT_NAME = "$(TARGET_NAME)";
				SWIFT_VERSION = 4.0;
				TARGETED_DEVICE_FAMILY = "1,2";
			};
			name = Debug;
		};
		9BDD3733205AE96E0078439E /* Release */ = {
			isa = XCBuildConfiguration;
			buildSettings = {
				ASSETCATALOG_COMPILER_APPICON_NAME = AppIcon;
				CODE_SIGN_STYLE = Automatic;
				DEVELOPMENT_TEAM = V9ECRET98Q;
				INFOPLIST_FILE = Box8Assignment/Info.plist;
				LD_RUNPATH_SEARCH_PATHS = "$(inherited) @executable_path/Frameworks";
				PRODUCT_BUNDLE_IDENTIFIER = com.OceanTrasnworld.Box8Assignment;
				PRODUCT_NAME = "$(TARGET_NAME)";
				SWIFT_VERSION = 4.0;
				TARGETED_DEVICE_FAMILY = "1,2";
			};
			name = Release;
		};
/* End XCBuildConfiguration section */

/* Begin XCConfigurationList section */
		9BDD3717205AE96E0078439E /* Build configuration list for PBXProject "Box8Assignment" */ = {
			isa = XCConfigurationList;
			buildConfigurations = (
				9BDD372F205AE96E0078439E /* Debug */,
				9BDD3730205AE96E0078439E /* Release */,
			);
			defaultConfigurationIsVisible = 0;
			defaultConfigurationName = Release;
		};
		9BDD3731205AE96E0078439E /* Build configuration list for PBXNativeTarget "Box8Assignment" */ = {
			isa = XCConfigurationList;
			buildConfigurations = (
				9BDD3732205AE96E0078439E /* Debug */,
				9BDD3733205AE96E0078439E /* Release */,
			);
			defaultConfigurationIsVisible = 0;
			defaultConfigurationName = Release;
		};
/* End XCConfigurationList section */

/* Begin XCVersionGroup section */
		9BDD3726205AE96E0078439E /* Box8Assignment.xcdatamodeld */ = {
			isa = XCVersionGroup;
			children = (
				9BDD3727205AE96E0078439E /* Box8Assignment.xcdatamodel */,
			);
			currentVersion = 9BDD3727205AE96E0078439E /* Box8Assignment.xcdatamodel */;
			path = Box8Assignment.xcdatamodeld;
			sourceTree = "<group>";
			versionGroupType = wrapper.xcdatamodel;
		};
/* End XCVersionGroup section */
	};
	rootObject = 9BDD3714205AE96E0078439E /* Project object */;
}
